local i1,i2,i3,i4 = client.uuidToIntArray("e4b91448-3b58-4c1f-8339-d40f75ecacc4")

--events.ENTITY_INIT:register(function ()
--	host:setClipboard(toJson(player:getNbt()))
--end)

models:newEntity("zombie")
:setNbt("minecraft:zombie",'{ArmorItems:[{},{},{},{id:"minecraft:player_head",tag:{SkullOwner:"AuriaFoxGirl"},Count:1}],"UUID":[-457632696,995642399,-2093362161,1978444996]}')
:pos(16,0,0)

host:setClipboard("[I;"..i1..","..i2..","..i3..","..i4.."]}")

--{"XpP":0.8558952808380127,"XpSeed":0,"AbsorptionAmount":0,"foodTickTimer":0,"HurtTime":0,"foodLevel":20,"HurtByTimestamp":0,"XpLevel":43,"Motion":[0,-0.0784000015258789,0],"abilities":{"invulnerable":1,"flying":0,"mayfly":1,"flySpeed":0.05000000074505806,"instabuild":1,"mayBuild":1,"walkSpeed":0.10000000149011612},"Health":40,"foodSaturationLevel":4,"Fire":-20,"Inventory":{},"Invulnerable":0,"Score":-1572189025,"LastDeathLocation":{"pos":[8181615,-552,-8181644],"dimension":"minecraft:overworld"},"FallFlying":0,"Brain":{"memories":{}},"SleepTimer":0,"foodExhaustionLevel":0,"XpTotal":575203131,"Attributes":[{"Base":0.10000000149011612,"Name":"minecraft:generic.movement_speed"},{"Base":100000,"Name":"minecraft:generic.attack_speed"},{"Base":0,"Name":"minecraft:generic.armor"},{"Base":1,"Name":"minecraft:generic.armor_toughness"},{"Base":40,"Name":"minecraft:generic.max_health"},{"Base":0,"Name":"minecraft:generic.luck"}],"DeathTime":0,"Air":300,"DataVersion":3465,"OnGround":1,"UUID":[-457632696,995642399,-2093362161,1978444996],"SelectedItemSlot":4,"EnderItems":{},"Rotation":[-3698.54931640625,26.0492000579834],"PortalCooldown":0,"FallDistance":0,"Pos":[1999691.7747255913,89,2000152.5700111708]}


--/summon minecraft:zombie 1999693.89 89.00 2000151.89 {Brain: {memories: {}}, HurtByTimestamp: 0, IsBaby: 0b, Attributes: [{Base: 0.23000000417232513d, Name: "minecraft:generic.movement_speed"}, {Base: 20.0d, Name: "minecraft:generic.max_health"}, {Base: 0.0339999452578497d, Name: "minecraft:zombie.spawn_reinforcements"}, {Modifiers: [{Amount: 0.02722510823985353d, Operation: 0, UUID: [I; -515927056, 758468247, -1186870169, -1649716695], Name: "Random spawn bonus"}], Base: 0.0d, Name: "minecraft:generic.knockback_resistance"}, {Modifiers: [{Amount: 0.05759353305523767d, Operation: 1, UUID: [I; -725926813, 446056833, -1719759778, -951505586], Name: "Random spawn bonus"}], Base: 35.0d, Name: "minecraft:generic.follow_range"}], Invulnerable: 0b, FallFlying: 0b, AbsorptionAmount: 0.0f, InWaterTime: -1, PortalCooldown: 0, FallDistance: 0.0f, DeathTime: 0s, WorldUUIDMost: -816681681371905235L, Purpur.ticksSinceLastInteraction: 192, Bukkit.Aware: 1b, HandDropChances: [0.085f, 0.085f], PersistenceRequired: 0b, Paper.OriginWorld: [I; -190148522, 2000831277, -1917324428, -2120019463], Spigot.ticksLived: 192, Motion: [-0.04409491659373682d, -0.0784000015258789d, -0.04407768994338713d], Health: 20.0f, Bukkit.updateLevel: 2, Purpur.ShouldBurnInDay: 1b, Paper.SpawnReason: "DEFAULT", LeftHanded: 0b, OnGround: 1b, Air: 300s, Rotation: [134.99464f, 3.1331625f], HandItems: [{}, {}], ArmorDropChances: [0.085f, 0.085f, 0.085f, 0.085f], CanBreakDoors: 0b, ArmorItems: [{}, {}, {}, {id: "minecraft:player_head", tag: {SkullOwner: {Id: [I; -1817476769, -1834266976, -1486305930, -1989389656], Properties: {textures: [{Signature: "PjqS6hG72umpNv4LPXej9f3SsD/63NK3WjbuK8VmC7J37UBeKoBNhh2Ou6yc3FtCdG/5209g1eIuZACy/wOkJ7Ubvo6mOgKPog/MeFYQTnocoVKdzGM1feZ40PRuO8knxZXSXFS+3oYRY203e9fVIcrzsSYamfyhXNbTbyHyaTjvtH9TJSQsHPv30BQHPp7BuvRd5a+QW8ES7LiPGtJMactD/A4PIm4o3j+pgkxBPEais0bDsGaEnw1xq3OQ4xEoUPNBMvwOjo6QoCcxituRiuE7BRLhvRP0zerkcCjq7W54ifPUeCUpuEEnkT/dJouPBghL5jN1iYy7e8Rcy/N7lPvZmJzfLXiO25Uu6UR9MsrTtfL1DkVmfa6MkqgWRuXrPSWjDNblJ3sNbmv3y5iLiq4HrzJWw05aRr34ZsZinAjvtKUaX/KKB8nNg4Qk85dlHZFbwimShBOKY+FJ08KVzhZRfl8oRKcRsCEOUlZV2hcsgbSr+2rr0MEyM19TNBC2VXSyDh01bo3eB5yriUKPHu87byaqaMEAYq+4ltsiFg7EHq+EnRrNgcHDUm5YWdPhThonxGEMO4wxbmWxfcgiaG65zbU7Dz9dkJV+gvI7aXfX3+/vj8M6fU4hS2yXKQ+TIOyDSqbSVn8qi/w0MsvU6BVlYYeuKLTEWYsOlfR3U/Q=", Value: "ewogICJ0aW1lc3RhbXAiIDogMTcyMTgyNzkzMjAxOSwKICAicHJvZmlsZUlkIiA6ICJkNzJlNGJjZDIyZGI0NjQ4OTUxNTc0M2UyYTRmMWFjMCIsCiAgInByb2ZpbGVOYW1lIiA6ICJhdnZheSIsCiAgInNpZ25hdHVyZVJlcXVpcmVkIiA6IHRydWUsCiAgInRleHR1cmVzIiA6IHsKICAgICJTS0lOIiA6IHsKICAgICAgInVybCIgOiAiaHR0cDovL3RleHR1cmVzLm1pbmVjcmFmdC5uZXQvdGV4dHVyZS82YjVlMmI3MGI0NTEzNDAwZWFjYzAyYWFiNGUzZWFjZDk2OGY0MmQxMjc2NmZmODYyNzVlOWU3MmE0MWQ4Y2ZjIgogICAgfQogIH0KfQ=="}]}, Name: "auriafoxgirl"}}, Count: 1b}], Fire: -1s, CanPickUpLoot: 1b, HurtTime: 0s, WorldUUIDLeast: -8234845711906958855L, Paper.Origin: [1999697.5d, 89.0d, 2000155.5d], DrownedConversionTime: -1}