local readStream = file:openReadStream("pack.png")
local len = readStream:available()
local buffer = data:createBuffer(len)
buffer:readFromStream(readStream)
buffer:setPosition(0)
local texture = textures:read("pack", buffer:readBase64(len))

local GNUI = require("library.GNUI.main")
local screen = GNUI:getScreenCanvas()


local aspectBox = GNUI.newBox(screen)
local cropBox = GNUI.newBox(aspectBox)

local patch = GNUI.newNineslice(texture)
cropBox:setNineslice(patch)

GNUI.debugMode()
local cropBorder = GNUI.newBox(cropBox)
:setAnchor(0,0,1,1)
:setDimensions(-3,-3,3,3)

renderer:setRenderCrosshair(false)

aspectBox:setAnchor(0.5,0,0.5,1)
screen.SIZE_CHANGED:register(function ()
	local height = client:getScaledWindowSize().y / 2 * 1.4336917562724014
	local h2 = client:getWindowSize().y
	patch:setRenderType("TRANSLUCENT")
	aspectBox:setDimensions(-height,0,height,0)
	cropBox:setAnchor(0.38875,0.25448028673835127,0.38875,0.25448028673835127+0.45878136200716846)
	patch:setOpacity(0)
end)
cropBox.SIZE_CHANGED:register(function ()
	cropBox:setSize(cropBox.Size.y,0)
end)
--[[

1600 1116
622 284



512 512

0.32
]]